<?xml version="1.0" encoding="utf-8"?>
<Project ToolsVersion="4.0" xmlns="http://schemas.microsoft.com/developer/msbuild/2003">
  <ItemGroup>
    <Filter Include="Source Files">
      <UniqueIdentifier>{4FC737F1-C7A5-4376-A066-2A32D752A2FF}</UniqueIdentifier>
      <Extensions>cpp;c;cc;cxx;def;odl;idl;hpj;bat;asm;asmx</Extensions>
    </Filter>
    <Filter Include="Header Files">
      <UniqueIdentifier>{93995380-89BD-4b04-88EB-625FBE52EBFB}</UniqueIdentifier>
      <Extensions>h;hpp;hxx;hm;inl;inc;xsd</Extensions>
    </Filter>
  </ItemGroup>
  <ItemGroup>
    <ClInclude Include="src\Json.h">
      <Filter>Source Files</Filter>
    </ClInclude>
    <ClInclude Include="..\..\..\include\spine\Animation.h">
      <Filter>Header Files</Filter>
    </ClInclude>
    <ClInclude Include="..\..\..\include\spine\AnimationState.h">
      <Filter>Header Files</Filter>
    </ClInclude>
    <ClInclude Include="..\..\..\include\spine\AnimationStateData.h">
      <Filter>Header Files</Filter>
    </ClInclude>
    <ClInclude Include="..\..\..\include\spine\Atlas.h">
      <Filter>Header Files</Filter>
    </ClInclude>
    <ClInclude Include="..\..\..\include\spine\AtlasAttachmentLoader.h">
      <Filter>Header Files</Filter>
    </ClInclude>
    <ClInclude Include="..\..\..\include\spine\Attachment.h">
      <Filter>Header Files</Filter>
    </ClInclude>
    <ClInclude Include="..\..\..\include\spine\AttachmentLoader.h">
      <Filter>Header Files</Filter>
    </ClInclude>
    <ClInclude Include="..\..\..\include\spine\Bone.h">
      <Filter>Header Files</Filter>
    </ClInclude>
    <ClInclude Include="..\..\..\include\spine\BoneData.h">
      <Filter>Header Files</Filter>
    </ClInclude>
    <ClInclude Include="..\..\..\include\spine\BoundingBoxAttachment.h">
      <Filter>Header Files</Filter>
    </ClInclude>
    <ClInclude Include="..\..\..\include\spine\Event.h">
      <Filter>Header Files</Filter>
    </ClInclude>
    <ClInclude Include="..\..\..\include\spine\EventData.h">
      <Filter>Header Files</Filter>
    </ClInclude>
    <ClInclude Include="..\..\..\include\spine\extension.h">
      <Filter>Header Files</Filter>
    </ClInclude>
    <ClInclude Include="..\..\..\include\spine\MeshAttachment.h">
      <Filter>Header Files</Filter>
    </ClInclude>
    <ClInclude Include="..\..\..\include\spine\RegionAttachment.h">
      <Filter>Header Files</Filter>
    </ClInclude>
    <ClInclude Include="..\..\..\include\spine\Skeleton.h">
      <Filter>Header Files</Filter>
    </ClInclude>
    <ClInclude Include="..\..\..\include\spine\SkeletonBounds.h">
      <Filter>Header Files</Filter>
    </ClInclude>
    <ClInclude Include="..\..\..\include\spine\SkeletonData.h">
      <Filter>Header Files</Filter>
    </ClInclude>
    <ClInclude Include="..\..\..\include\spine\SkeletonJson.h">
      <Filter>Header Files</Filter>
    </ClInclude>
    <ClInclude Include="..\..\..\include\spine\Skin.h">
      <Filter>Header Files</Filter>
    </ClInclude>
    <ClInclude Include="..\..\..\include\spine\Slot.h">
      <Filter>Header Files</Filter>
    </ClInclude>
    <ClInclude Include="..\..\..\include\spine\SlotData.h">
      <Filter>Header Files</Filter>
    </ClInclude>
    <ClInclude Include="..\..\..\include\spine\spine.h">
      <Filter>Header Files</Filter>
    </ClInclude>
  </ItemGroup>
  <ItemGroup>
    <ClCompile Include="src\Animation.c">
      <Filter>Source Files</Filter>
    </ClCompile>
    <ClCompile Include="src\AnimationState.c">
      <Filter>Source Files</Filter>
    </ClCompile>
    <ClCompile Include="src\AnimationStateData.c">
      <Filter>Source Files</Filter>
    </ClCompile>
    <ClCompile Include="src\Atlas.c">
      <Filter>Source Files</Filter>
    </ClCompile>
    <ClCompile Include="src\AtlasAttachmentLoader.c">
      <Filter>Source Files</Filter>
    </ClCompile>
    <ClCompile Include="src\Attachment.c">
      <Filter>Source Files</Filter>
    </ClCompile>
    <ClCompile Include="src\AttachmentLoader.c">
      <Filter>Source Files</Filter>
    </ClCompile>
    <ClCompile Include="src\Bone.c">
      <Filter>Source Files</Filter>
    </ClCompile>
    <ClCompile Include="src\BoneData.c">
      <Filter>Source Files</Filter>
    </ClCompile>
    <ClCompile Include="src\BoundingBoxAttachment.c">
      <Filter>Source Files</Filter>
    </ClCompile>
    <ClCompile Include="src\Event.c">
      <Filter>Source Files</Filter>
    </ClCompile>
    <ClCompile Include="src\EventData.c">
      <Filter>Source Files</Filter>
    </ClCompile>
    <ClCompile Include="src\extension.c">
      <Filter>Source Files</Filter>
    </ClCompile>
    <ClCompile Include="src\Json.c">
      <Filter>Source Files</Filter>
    </ClCompile>
    <ClCompile Include="src\MeshAttachment.c">
      <Filter>Source Files</Filter>
    </ClCompile>
    <ClCompile Include="src\RegionAttachment.c">
      <Filter>Source Files</Filter>
    </ClCompile>
    <ClCompile Include="src\Skeleton.c">
      <Filter>Source Files</Filter>
    </ClCompile>
    <ClCompile Include="src\SkeletonBounds.c">
      <Filter>Source Files</Filter>
    </ClCompile>
    <ClCompile Include="src\SkeletonData.c">
      <Filter>Source Files</Filter>
    </ClCompile>
    <ClCompile Include="src\SkeletonJson.c">
      <Filter>Source Files</Filter>
    </ClCompile>
    <ClCompile Include="src\Skin.c">
      <Filter>Source Files</Filter>
    </ClCompile>
    <ClCompile Include="src\Slot.c">
      <Filter>Source Files</Filter>
    </ClCompile>
    <ClCompile Include="src\SlotData.c">
      <Filter>Source Files</Filter>
    </ClCompile>
  </ItemGroup>
</Project>