
Microsoft Visual Studio Solution File, Format Version 12.00
# Visual Studio 2013
VisualStudioVersion = 12.0.31101.0
MinimumVisualStudioVersion = 10.0.40219.1
Project("{8BC9CEB8-8B4A-11D0-8D11-00A0C91BC942}") = "Harmony", "Harmony.vcxproj", "{FCCD89C1-BC25-41E0-8EE4-B77E0FC9273A}"
	ProjectSection(ProjectDependencies) = postProject
		{04D5C584-8373-44F2-A6DF-568325CDC043} = {04D5C584-8373-44F2-A6DF-568325CDC043}
		{E0443D96-7D16-4ABD-B55E-3639B9E7BDC5} = {E0443D96-7D16-4ABD-B55E-3639B9E7BDC5}
		{05B7CCCA-285E-4C5B-90A9-55CD0E849056} = {05B7CCCA-285E-4C5B-90A9-55CD0E849056}
		{ED050BDE-20F4-4B07-97B9-30FCAA6B36B3} = {ED050BDE-20F4-4B07-97B9-30FCAA6B36B3}
		{7CC1CCE4-A793-417B-BCCE-6553049FBFF0} = {7CC1CCE4-A793-417B-BCCE-6553049FBFF0}
		{E8110AF3-5A69-45FC-89E6-722BB8A7D8FC} = {E8110AF3-5A69-45FC-89E6-722BB8A7D8FC}
	EndProjectSection
EndProject
Project("{8BC9CEB8-8B4A-11D0-8D11-00A0C91BC942}") = "box2d", "lib\src\box2d\box2d.vcxproj", "{7CC1CCE4-A793-417B-BCCE-6553049FBFF0}"
EndProject
Project("{8BC9CEB8-8B4A-11D0-8D11-00A0C91BC942}") = "freetype-gl", "lib\src\freetype-gl\freetype-gl.vcxproj", "{E0443D96-7D16-4ABD-B55E-3639B9E7BDC5}"
	ProjectSection(ProjectDependencies) = postProject
		{ED050BDE-20F4-4B07-97B9-30FCAA6B36B3} = {ED050BDE-20F4-4B07-97B9-30FCAA6B36B3}
	EndProjectSection
EndProject
Project("{8BC9CEB8-8B4A-11D0-8D11-00A0C91BC942}") = "glfw3", "lib\src\glfw3\glfw3.vcxproj", "{E8110AF3-5A69-45FC-89E6-722BB8A7D8FC}"
EndProject
Project("{8BC9CEB8-8B4A-11D0-8D11-00A0C91BC942}") = "netLink", "lib\src\netLink\netLink.vcxproj", "{05B7CCCA-285E-4C5B-90A9-55CD0E849056}"
EndProject
Project("{8BC9CEB8-8B4A-11D0-8D11-00A0C91BC942}") = "spine-c", "lib\src\spine-c\spine-c.vcxproj", "{04D5C584-8373-44F2-A6DF-568325CDC043}"
EndProject
Project("{8BC9CEB8-8B4A-11D0-8D11-00A0C91BC942}") = "freetype", "lib\src\freetype\freetype.vcxproj", "{ED050BDE-20F4-4B07-97B9-30FCAA6B36B3}"
EndProject
Project("{8BC9CEB8-8B4A-11D0-8D11-00A0C91BC942}") = "glew", "lib\src\glew\glew.vcxproj", "{079E3143-4D45-4B8D-9FBA-204B1313B3D9}"
EndProject
Global
	GlobalSection(SolutionConfigurationPlatforms) = preSolution
		Debug|Mixed Platforms = Debug|Mixed Platforms
		Debug|Win32 = Debug|Win32
		Debug|x64 = Debug|x64
		GuiDebug|Mixed Platforms = GuiDebug|Mixed Platforms
		GuiDebug|Win32 = GuiDebug|Win32
		GuiDebug|x64 = GuiDebug|x64
		GuiRelease|Mixed Platforms = GuiRelease|Mixed Platforms
		GuiRelease|Win32 = GuiRelease|Win32
		GuiRelease|x64 = GuiRelease|x64
		Release|Mixed Platforms = Release|Mixed Platforms
		Release|Win32 = Release|Win32
		Release|x64 = Release|x64
	EndGlobalSection
	GlobalSection(ProjectConfigurationPlatforms) = postSolution
		{FCCD89C1-BC25-41E0-8EE4-B77E0FC9273A}.Debug|Mixed Platforms.ActiveCfg = Debug|Win32
		{FCCD89C1-BC25-41E0-8EE4-B77E0FC9273A}.Debug|Mixed Platforms.Build.0 = Debug|Win32
		{FCCD89C1-BC25-41E0-8EE4-B77E0FC9273A}.Debug|Win32.ActiveCfg = Debug|Win32
		{FCCD89C1-BC25-41E0-8EE4-B77E0FC9273A}.Debug|Win32.Build.0 = Debug|Win32
		{FCCD89C1-BC25-41E0-8EE4-B77E0FC9273A}.Debug|x64.ActiveCfg = Debug|x64
		{FCCD89C1-BC25-41E0-8EE4-B77E0FC9273A}.Debug|x64.Build.0 = Debug|x64
		{FCCD89C1-BC25-41E0-8EE4-B77E0FC9273A}.GuiDebug|Mixed Platforms.ActiveCfg = GuiDebug|Win32
		{FCCD89C1-BC25-41E0-8EE4-B77E0FC9273A}.GuiDebug|Mixed Platforms.Build.0 = GuiDebug|Win32
		{FCCD89C1-BC25-41E0-8EE4-B77E0FC9273A}.GuiDebug|Win32.ActiveCfg = GuiDebug|Win32
		{FCCD89C1-BC25-41E0-8EE4-B77E0FC9273A}.GuiDebug|Win32.Build.0 = GuiDebug|Win32
		{FCCD89C1-BC25-41E0-8EE4-B77E0FC9273A}.GuiDebug|x64.ActiveCfg = GuiDebug|x64
		{FCCD89C1-BC25-41E0-8EE4-B77E0FC9273A}.GuiDebug|x64.Build.0 = GuiDebug|x64
		{FCCD89C1-BC25-41E0-8EE4-B77E0FC9273A}.GuiRelease|Mixed Platforms.ActiveCfg = GuiRelease|Win32
		{FCCD89C1-BC25-41E0-8EE4-B77E0FC9273A}.GuiRelease|Mixed Platforms.Build.0 = GuiRelease|Win32
		{FCCD89C1-BC25-41E0-8EE4-B77E0FC9273A}.GuiRelease|Win32.ActiveCfg = GuiRelease|Win32
		{FCCD89C1-BC25-41E0-8EE4-B77E0FC9273A}.GuiRelease|Win32.Build.0 = GuiRelease|Win32
		{FCCD89C1-BC25-41E0-8EE4-B77E0FC9273A}.GuiRelease|x64.ActiveCfg = GuiRelease|x64
		{FCCD89C1-BC25-41E0-8EE4-B77E0FC9273A}.GuiRelease|x64.Build.0 = GuiRelease|x64
		{FCCD89C1-BC25-41E0-8EE4-B77E0FC9273A}.Release|Mixed Platforms.ActiveCfg = Release|Win32
		{FCCD89C1-BC25-41E0-8EE4-B77E0FC9273A}.Release|Mixed Platforms.Build.0 = Release|Win32
		{FCCD89C1-BC25-41E0-8EE4-B77E0FC9273A}.Release|Win32.ActiveCfg = Release|Win32
		{FCCD89C1-BC25-41E0-8EE4-B77E0FC9273A}.Release|Win32.Build.0 = Release|Win32
		{FCCD89C1-BC25-41E0-8EE4-B77E0FC9273A}.Release|x64.ActiveCfg = Release|x64
		{FCCD89C1-BC25-41E0-8EE4-B77E0FC9273A}.Release|x64.Build.0 = Release|x64
		{7CC1CCE4-A793-417B-BCCE-6553049FBFF0}.Debug|Mixed Platforms.ActiveCfg = Debug|Win32
		{7CC1CCE4-A793-417B-BCCE-6553049FBFF0}.Debug|Mixed Platforms.Build.0 = Debug|Win32
		{7CC1CCE4-A793-417B-BCCE-6553049FBFF0}.Debug|Win32.ActiveCfg = Debug|Win32
		{7CC1CCE4-A793-417B-BCCE-6553049FBFF0}.Debug|Win32.Build.0 = Debug|Win32
		{7CC1CCE4-A793-417B-BCCE-6553049FBFF0}.Debug|x64.ActiveCfg = Debug|x64
		{7CC1CCE4-A793-417B-BCCE-6553049FBFF0}.Debug|x64.Build.0 = Debug|x64
		{7CC1CCE4-A793-417B-BCCE-6553049FBFF0}.GuiDebug|Mixed Platforms.ActiveCfg = Debug|Win32
		{7CC1CCE4-A793-417B-BCCE-6553049FBFF0}.GuiDebug|Mixed Platforms.Build.0 = Debug|Win32
		{7CC1CCE4-A793-417B-BCCE-6553049FBFF0}.GuiDebug|Win32.ActiveCfg = Debug|Win32
		{7CC1CCE4-A793-417B-BCCE-6553049FBFF0}.GuiDebug|Win32.Build.0 = Debug|Win32
		{7CC1CCE4-A793-417B-BCCE-6553049FBFF0}.GuiDebug|x64.ActiveCfg = Debug|x64
		{7CC1CCE4-A793-417B-BCCE-6553049FBFF0}.GuiDebug|x64.Build.0 = Debug|x64
		{7CC1CCE4-A793-417B-BCCE-6553049FBFF0}.GuiRelease|Mixed Platforms.ActiveCfg = Release|Win32
		{7CC1CCE4-A793-417B-BCCE-6553049FBFF0}.GuiRelease|Mixed Platforms.Build.0 = Release|Win32
		{7CC1CCE4-A793-417B-BCCE-6553049FBFF0}.GuiRelease|Win32.ActiveCfg = Release|Win32
		{7CC1CCE4-A793-417B-BCCE-6553049FBFF0}.GuiRelease|Win32.Build.0 = Release|Win32
		{7CC1CCE4-A793-417B-BCCE-6553049FBFF0}.GuiRelease|x64.ActiveCfg = Release|x64
		{7CC1CCE4-A793-417B-BCCE-6553049FBFF0}.GuiRelease|x64.Build.0 = Release|x64
		{7CC1CCE4-A793-417B-BCCE-6553049FBFF0}.Release|Mixed Platforms.ActiveCfg = Release|Win32
		{7CC1CCE4-A793-417B-BCCE-6553049FBFF0}.Release|Mixed Platforms.Build.0 = Release|Win32
		{7CC1CCE4-A793-417B-BCCE-6553049FBFF0}.Release|Win32.ActiveCfg = Release|Win32
		{7CC1CCE4-A793-417B-BCCE-6553049FBFF0}.Release|Win32.Build.0 = Release|Win32
		{7CC1CCE4-A793-417B-BCCE-6553049FBFF0}.Release|x64.ActiveCfg = Release|x64
		{7CC1CCE4-A793-417B-BCCE-6553049FBFF0}.Release|x64.Build.0 = Release|x64
		{E0443D96-7D16-4ABD-B55E-3639B9E7BDC5}.Debug|Mixed Platforms.ActiveCfg = Debug|Win32
		{E0443D96-7D16-4ABD-B55E-3639B9E7BDC5}.Debug|Mixed Platforms.Build.0 = Debug|Win32
		{E0443D96-7D16-4ABD-B55E-3639B9E7BDC5}.Debug|Win32.ActiveCfg = Debug|Win32
		{E0443D96-7D16-4ABD-B55E-3639B9E7BDC5}.Debug|Win32.Build.0 = Debug|Win32
		{E0443D96-7D16-4ABD-B55E-3639B9E7BDC5}.Debug|x64.ActiveCfg = Debug|x64
		{E0443D96-7D16-4ABD-B55E-3639B9E7BDC5}.Debug|x64.Build.0 = Debug|x64
		{E0443D96-7D16-4ABD-B55E-3639B9E7BDC5}.GuiDebug|Mixed Platforms.ActiveCfg = Debug|Win32
		{E0443D96-7D16-4ABD-B55E-3639B9E7BDC5}.GuiDebug|Mixed Platforms.Build.0 = Debug|Win32
		{E0443D96-7D16-4ABD-B55E-3639B9E7BDC5}.GuiDebug|Win32.ActiveCfg = Debug|Win32
		{E0443D96-7D16-4ABD-B55E-3639B9E7BDC5}.GuiDebug|Win32.Build.0 = Debug|Win32
		{E0443D96-7D16-4ABD-B55E-3639B9E7BDC5}.GuiDebug|x64.ActiveCfg = Debug|x64
		{E0443D96-7D16-4ABD-B55E-3639B9E7BDC5}.GuiDebug|x64.Build.0 = Debug|x64
		{E0443D96-7D16-4ABD-B55E-3639B9E7BDC5}.GuiRelease|Mixed Platforms.ActiveCfg = Release|Win32
		{E0443D96-7D16-4ABD-B55E-3639B9E7BDC5}.GuiRelease|Mixed Platforms.Build.0 = Release|Win32
		{E0443D96-7D16-4ABD-B55E-3639B9E7BDC5}.GuiRelease|Win32.ActiveCfg = Release|Win32
		{E0443D96-7D16-4ABD-B55E-3639B9E7BDC5}.GuiRelease|Win32.Build.0 = Release|Win32
		{E0443D96-7D16-4ABD-B55E-3639B9E7BDC5}.GuiRelease|x64.ActiveCfg = Release|x64
		{E0443D96-7D16-4ABD-B55E-3639B9E7BDC5}.GuiRelease|x64.Build.0 = Release|x64
		{E0443D96-7D16-4ABD-B55E-3639B9E7BDC5}.Release|Mixed Platforms.ActiveCfg = Release|Win32
		{E0443D96-7D16-4ABD-B55E-3639B9E7BDC5}.Release|Mixed Platforms.Build.0 = Release|Win32
		{E0443D96-7D16-4ABD-B55E-3639B9E7BDC5}.Release|Win32.ActiveCfg = Release|Win32
		{E0443D96-7D16-4ABD-B55E-3639B9E7BDC5}.Release|Win32.Build.0 = Release|Win32
		{E0443D96-7D16-4ABD-B55E-3639B9E7BDC5}.Release|x64.ActiveCfg = Release|x64
		{E0443D96-7D16-4ABD-B55E-3639B9E7BDC5}.Release|x64.Build.0 = Release|x64
		{E8110AF3-5A69-45FC-89E6-722BB8A7D8FC}.Debug|Mixed Platforms.ActiveCfg = Debug|Win32
		{E8110AF3-5A69-45FC-89E6-722BB8A7D8FC}.Debug|Mixed Platforms.Build.0 = Debug|Win32
		{E8110AF3-5A69-45FC-89E6-722BB8A7D8FC}.Debug|Win32.ActiveCfg = Debug|Win32
		{E8110AF3-5A69-45FC-89E6-722BB8A7D8FC}.Debug|Win32.Build.0 = Debug|Win32
		{E8110AF3-5A69-45FC-89E6-722BB8A7D8FC}.Debug|x64.ActiveCfg = Debug|x64
		{E8110AF3-5A69-45FC-89E6-722BB8A7D8FC}.Debug|x64.Build.0 = Debug|x64
		{E8110AF3-5A69-45FC-89E6-722BB8A7D8FC}.GuiDebug|Mixed Platforms.ActiveCfg = Debug|Win32
		{E8110AF3-5A69-45FC-89E6-722BB8A7D8FC}.GuiDebug|Mixed Platforms.Build.0 = Debug|Win32
		{E8110AF3-5A69-45FC-89E6-722BB8A7D8FC}.GuiDebug|Win32.ActiveCfg = Debug|Win32
		{E8110AF3-5A69-45FC-89E6-722BB8A7D8FC}.GuiDebug|Win32.Build.0 = Debug|Win32
		{E8110AF3-5A69-45FC-89E6-722BB8A7D8FC}.GuiDebug|x64.ActiveCfg = Debug|x64
		{E8110AF3-5A69-45FC-89E6-722BB8A7D8FC}.GuiDebug|x64.Build.0 = Debug|x64
		{E8110AF3-5A69-45FC-89E6-722BB8A7D8FC}.GuiRelease|Mixed Platforms.ActiveCfg = Release|Win32
		{E8110AF3-5A69-45FC-89E6-722BB8A7D8FC}.GuiRelease|Mixed Platforms.Build.0 = Release|Win32
		{E8110AF3-5A69-45FC-89E6-722BB8A7D8FC}.GuiRelease|Win32.ActiveCfg = Release|Win32
		{E8110AF3-5A69-45FC-89E6-722BB8A7D8FC}.GuiRelease|Win32.Build.0 = Release|Win32
		{E8110AF3-5A69-45FC-89E6-722BB8A7D8FC}.GuiRelease|x64.ActiveCfg = Release|x64
		{E8110AF3-5A69-45FC-89E6-722BB8A7D8FC}.GuiRelease|x64.Build.0 = Release|x64
		{E8110AF3-5A69-45FC-89E6-722BB8A7D8FC}.Release|Mixed Platforms.ActiveCfg = Release|Win32
		{E8110AF3-5A69-45FC-89E6-722BB8A7D8FC}.Release|Mixed Platforms.Build.0 = Release|Win32
		{E8110AF3-5A69-45FC-89E6-722BB8A7D8FC}.Release|Win32.ActiveCfg = Release|Win32
		{E8110AF3-5A69-45FC-89E6-722BB8A7D8FC}.Release|Win32.Build.0 = Release|Win32
		{E8110AF3-5A69-45FC-89E6-722BB8A7D8FC}.Release|x64.ActiveCfg = Release|x64
		{E8110AF3-5A69-45FC-89E6-722BB8A7D8FC}.Release|x64.Build.0 = Release|x64
		{05B7CCCA-285E-4C5B-90A9-55CD0E849056}.Debug|Mixed Platforms.ActiveCfg = Debug|Win32
		{05B7CCCA-285E-4C5B-90A9-55CD0E849056}.Debug|Mixed Platforms.Build.0 = Debug|Win32
		{05B7CCCA-285E-4C5B-90A9-55CD0E849056}.Debug|Win32.ActiveCfg = Debug|Win32
		{05B7CCCA-285E-4C5B-90A9-55CD0E849056}.Debug|Win32.Build.0 = Debug|Win32
		{05B7CCCA-285E-4C5B-90A9-55CD0E849056}.Debug|x64.ActiveCfg = Debug|x64
		{05B7CCCA-285E-4C5B-90A9-55CD0E849056}.Debug|x64.Build.0 = Debug|x64
		{05B7CCCA-285E-4C5B-90A9-55CD0E849056}.GuiDebug|Mixed Platforms.ActiveCfg = Debug|Win32
		{05B7CCCA-285E-4C5B-90A9-55CD0E849056}.GuiDebug|Mixed Platforms.Build.0 = Debug|Win32
		{05B7CCCA-285E-4C5B-90A9-55CD0E849056}.GuiDebug|Win32.ActiveCfg = Debug|Win32
		{05B7CCCA-285E-4C5B-90A9-55CD0E849056}.GuiDebug|Win32.Build.0 = Debug|Win32
		{05B7CCCA-285E-4C5B-90A9-55CD0E849056}.GuiDebug|x64.ActiveCfg = Debug|x64
		{05B7CCCA-285E-4C5B-90A9-55CD0E849056}.GuiDebug|x64.Build.0 = Debug|x64
		{05B7CCCA-285E-4C5B-90A9-55CD0E849056}.GuiRelease|Mixed Platforms.ActiveCfg = Release|Win32
		{05B7CCCA-285E-4C5B-90A9-55CD0E849056}.GuiRelease|Mixed Platforms.Build.0 = Release|Win32
		{05B7CCCA-285E-4C5B-90A9-55CD0E849056}.GuiRelease|Win32.ActiveCfg = Release|Win32
		{05B7CCCA-285E-4C5B-90A9-55CD0E849056}.GuiRelease|Win32.Build.0 = Release|Win32
		{05B7CCCA-285E-4C5B-90A9-55CD0E849056}.GuiRelease|x64.ActiveCfg = Release|x64
		{05B7CCCA-285E-4C5B-90A9-55CD0E849056}.GuiRelease|x64.Build.0 = Release|x64
		{05B7CCCA-285E-4C5B-90A9-55CD0E849056}.Release|Mixed Platforms.ActiveCfg = Release|Win32
		{05B7CCCA-285E-4C5B-90A9-55CD0E849056}.Release|Mixed Platforms.Build.0 = Release|Win32
		{05B7CCCA-285E-4C5B-90A9-55CD0E849056}.Release|Win32.ActiveCfg = Release|Win32
		{05B7CCCA-285E-4C5B-90A9-55CD0E849056}.Release|Win32.Build.0 = Release|Win32
		{05B7CCCA-285E-4C5B-90A9-55CD0E849056}.Release|x64.ActiveCfg = Release|x64
		{05B7CCCA-285E-4C5B-90A9-55CD0E849056}.Release|x64.Build.0 = Release|x64
		{04D5C584-8373-44F2-A6DF-568325CDC043}.Debug|Mixed Platforms.ActiveCfg = Debug|Win32
		{04D5C584-8373-44F2-A6DF-568325CDC043}.Debug|Mixed Platforms.Build.0 = Debug|Win32
		{04D5C584-8373-44F2-A6DF-568325CDC043}.Debug|Win32.ActiveCfg = Debug|Win32
		{04D5C584-8373-44F2-A6DF-568325CDC043}.Debug|Win32.Build.0 = Debug|Win32
		{04D5C584-8373-44F2-A6DF-568325CDC043}.Debug|x64.ActiveCfg = Debug|x64
		{04D5C584-8373-44F2-A6DF-568325CDC043}.Debug|x64.Build.0 = Debug|x64
		{04D5C584-8373-44F2-A6DF-568325CDC043}.GuiDebug|Mixed Platforms.ActiveCfg = Debug|Win32
		{04D5C584-8373-44F2-A6DF-568325CDC043}.GuiDebug|Mixed Platforms.Build.0 = Debug|Win32
		{04D5C584-8373-44F2-A6DF-568325CDC043}.GuiDebug|Win32.ActiveCfg = Debug|Win32
		{04D5C584-8373-44F2-A6DF-568325CDC043}.GuiDebug|Win32.Build.0 = Debug|Win32
		{04D5C584-8373-44F2-A6DF-568325CDC043}.GuiDebug|x64.ActiveCfg = Debug|x64
		{04D5C584-8373-44F2-A6DF-568325CDC043}.GuiDebug|x64.Build.0 = Debug|x64
		{04D5C584-8373-44F2-A6DF-568325CDC043}.GuiRelease|Mixed Platforms.ActiveCfg = Release|Win32
		{04D5C584-8373-44F2-A6DF-568325CDC043}.GuiRelease|Mixed Platforms.Build.0 = Release|Win32
		{04D5C584-8373-44F2-A6DF-568325CDC043}.GuiRelease|Win32.ActiveCfg = Release|Win32
		{04D5C584-8373-44F2-A6DF-568325CDC043}.GuiRelease|Win32.Build.0 = Release|Win32
		{04D5C584-8373-44F2-A6DF-568325CDC043}.GuiRelease|x64.ActiveCfg = Release|x64
		{04D5C584-8373-44F2-A6DF-568325CDC043}.GuiRelease|x64.Build.0 = Release|x64
		{04D5C584-8373-44F2-A6DF-568325CDC043}.Release|Mixed Platforms.ActiveCfg = Release|Win32
		{04D5C584-8373-44F2-A6DF-568325CDC043}.Release|Mixed Platforms.Build.0 = Release|Win32
		{04D5C584-8373-44F2-A6DF-568325CDC043}.Release|Win32.ActiveCfg = Release|Win32
		{04D5C584-8373-44F2-A6DF-568325CDC043}.Release|Win32.Build.0 = Release|Win32
		{04D5C584-8373-44F2-A6DF-568325CDC043}.Release|x64.ActiveCfg = Release|x64
		{04D5C584-8373-44F2-A6DF-568325CDC043}.Release|x64.Build.0 = Release|x64
		{ED050BDE-20F4-4B07-97B9-30FCAA6B36B3}.Debug|Mixed Platforms.ActiveCfg = Debug|Win32
		{ED050BDE-20F4-4B07-97B9-30FCAA6B36B3}.Debug|Mixed Platforms.Build.0 = Debug|Win32
		{ED050BDE-20F4-4B07-97B9-30FCAA6B36B3}.Debug|Win32.ActiveCfg = Debug|Win32
		{ED050BDE-20F4-4B07-97B9-30FCAA6B36B3}.Debug|Win32.Build.0 = Debug|Win32
		{ED050BDE-20F4-4B07-97B9-30FCAA6B36B3}.Debug|x64.ActiveCfg = Debug|Win32
		{ED050BDE-20F4-4B07-97B9-30FCAA6B36B3}.GuiDebug|Mixed Platforms.ActiveCfg = Debug|Win32
		{ED050BDE-20F4-4B07-97B9-30FCAA6B36B3}.GuiDebug|Mixed Platforms.Build.0 = Debug|Win32
		{ED050BDE-20F4-4B07-97B9-30FCAA6B36B3}.GuiDebug|Win32.ActiveCfg = Debug|Win32
		{ED050BDE-20F4-4B07-97B9-30FCAA6B36B3}.GuiDebug|Win32.Build.0 = Debug|Win32
		{ED050BDE-20F4-4B07-97B9-30FCAA6B36B3}.GuiDebug|x64.ActiveCfg = Debug|Win32
		{ED050BDE-20F4-4B07-97B9-30FCAA6B36B3}.GuiRelease|Mixed Platforms.ActiveCfg = Release|Win32
		{ED050BDE-20F4-4B07-97B9-30FCAA6B36B3}.GuiRelease|Mixed Platforms.Build.0 = Release|Win32
		{ED050BDE-20F4-4B07-97B9-30FCAA6B36B3}.GuiRelease|Win32.ActiveCfg = Release|Win32
		{ED050BDE-20F4-4B07-97B9-30FCAA6B36B3}.GuiRelease|Win32.Build.0 = Release|Win32
		{ED050BDE-20F4-4B07-97B9-30FCAA6B36B3}.GuiRelease|x64.ActiveCfg = Release|Win32
		{ED050BDE-20F4-4B07-97B9-30FCAA6B36B3}.Release|Mixed Platforms.ActiveCfg = Release|Win32
		{ED050BDE-20F4-4B07-97B9-30FCAA6B36B3}.Release|Mixed Platforms.Build.0 = Release|Win32
		{ED050BDE-20F4-4B07-97B9-30FCAA6B36B3}.Release|Win32.ActiveCfg = Release|Win32
		{ED050BDE-20F4-4B07-97B9-30FCAA6B36B3}.Release|Win32.Build.0 = Release|Win32
		{ED050BDE-20F4-4B07-97B9-30FCAA6B36B3}.Release|x64.ActiveCfg = Release|Win32
		{079E3143-4D45-4B8D-9FBA-204B1313B3D9}.Debug|Mixed Platforms.ActiveCfg = Debug|Win32
		{079E3143-4D45-4B8D-9FBA-204B1313B3D9}.Debug|Mixed Platforms.Build.0 = Debug|Win32
		{079E3143-4D45-4B8D-9FBA-204B1313B3D9}.Debug|Win32.ActiveCfg = Debug|Win32
		{079E3143-4D45-4B8D-9FBA-204B1313B3D9}.Debug|Win32.Build.0 = Debug|Win32
		{079E3143-4D45-4B8D-9FBA-204B1313B3D9}.Debug|x64.ActiveCfg = Debug|Win32
		{079E3143-4D45-4B8D-9FBA-204B1313B3D9}.GuiDebug|Mixed Platforms.ActiveCfg = Debug|Win32
		{079E3143-4D45-4B8D-9FBA-204B1313B3D9}.GuiDebug|Mixed Platforms.Build.0 = Debug|Win32
		{079E3143-4D45-4B8D-9FBA-204B1313B3D9}.GuiDebug|Win32.ActiveCfg = Debug|Win32
		{079E3143-4D45-4B8D-9FBA-204B1313B3D9}.GuiDebug|Win32.Build.0 = Debug|Win32
		{079E3143-4D45-4B8D-9FBA-204B1313B3D9}.GuiDebug|x64.ActiveCfg = Debug|Win32
		{079E3143-4D45-4B8D-9FBA-204B1313B3D9}.GuiRelease|Mixed Platforms.ActiveCfg = Release|Win32
		{079E3143-4D45-4B8D-9FBA-204B1313B3D9}.GuiRelease|Mixed Platforms.Build.0 = Release|Win32
		{079E3143-4D45-4B8D-9FBA-204B1313B3D9}.GuiRelease|Win32.ActiveCfg = Release|Win32
		{079E3143-4D45-4B8D-9FBA-204B1313B3D9}.GuiRelease|Win32.Build.0 = Release|Win32
		{079E3143-4D45-4B8D-9FBA-204B1313B3D9}.GuiRelease|x64.ActiveCfg = Release|Win32
		{079E3143-4D45-4B8D-9FBA-204B1313B3D9}.Release|Mixed Platforms.ActiveCfg = Release|Win32
		{079E3143-4D45-4B8D-9FBA-204B1313B3D9}.Release|Mixed Platforms.Build.0 = Release|Win32
		{079E3143-4D45-4B8D-9FBA-204B1313B3D9}.Release|Win32.ActiveCfg = Release|Win32
		{079E3143-4D45-4B8D-9FBA-204B1313B3D9}.Release|Win32.Build.0 = Release|Win32
		{079E3143-4D45-4B8D-9FBA-204B1313B3D9}.Release|x64.ActiveCfg = Release|Win32
	EndGlobalSection
	GlobalSection(SolutionProperties) = preSolution
		HideSolutionNode = FALSE
	EndGlobalSection
EndGlobal
