<?xml version="1.0" encoding="utf-8"?>
<Project ToolsVersion="4.0" xmlns="http://schemas.microsoft.com/developer/msbuild/2003">
  <ItemGroup>
    <ClCompile Include="src\TestBed.cpp" />
    <ClCompile Include="src\main.cpp" />
    <ClCompile Include="src\TestBed.cpp" />
  </ItemGroup>
  <ItemGroup>
    <Filter Include="Shaders">
      <UniqueIdentifier>{ea93306c-c77c-4acb-8061-4a095b5382d4}</UniqueIdentifier>
    </Filter>
  </ItemGroup>
  <ItemGroup>
    <None Include="Data\Shaders\Prim2d.frag">
      <Filter>Shaders</Filter>
    </None>
    <None Include="Data\Shaders\Prim2d.vert">
      <Filter>Shaders</Filter>
    </None>
    <None Include="data\shaders\Txt2d.frag">
      <Filter>Shaders</Filter>
    </None>
    <None Include="data\shaders\Txt2d.vert">
      <Filter>Shaders</Filter>
    </None>
    <None Include="Data\Shaders\HyQuadBatch.vert">
      <Filter>Shaders</Filter>
    </None>
    <None Include="Data\Shaders\HyQuadBatch.frag">
      <Filter>Shaders</Filter>
    </None>
    <None Include="testFrag.glsl" />
  </ItemGroup>
  <ItemGroup>
    <ClInclude Include="src\TestBed.h" />
  </ItemGroup>
</Project>