<?xml version="1.0" encoding="utf-8"?>
<Project ToolsVersion="4.0" xmlns="http://schemas.microsoft.com/developer/msbuild/2003">
  <ItemGroup>
    <ClCompile Include="Memory\HyMemoryHeap.cpp">
      <Filter>Memory</Filter>
    </ClCompile>
    <ClCompile Include="Time\Watches\HyStopwatch.cpp">
      <Filter>Time\Watches</Filter>
    </ClCompile>
    <ClCompile Include="Utilities\HyBitManip.cpp">
      <Filter>Utilities</Filter>
    </ClCompile>
    <ClCompile Include="Utilities\HyStrManip.cpp">
      <Filter>Utilities</Filter>
    </ClCompile>
    <ClCompile Include="Utilities\HyHardwareInfo.cpp">
      <Filter>Utilities</Filter>
    </ClCompile>
    <ClCompile Include="Utilities\HyMath.cpp">
      <Filter>Utilities</Filter>
    </ClCompile>
    <ClCompile Include="HyEngine.cpp" />
    <ClCompile Include="..\include\Harmony\Threading\BasicSync.cpp">
      <Filter>Threading</Filter>
    </ClCompile>
    <ClCompile Include="..\include\Harmony\Threading\InteropUnix.cpp">
      <Filter>Threading</Filter>
    </ClCompile>
    <ClCompile Include="..\include\Harmony\Threading\stdafx.cpp">
      <Filter>Threading</Filter>
    </ClCompile>
    <ClCompile Include="..\include\Harmony\Threading\Threading.cpp">
      <Filter>Threading</Filter>
    </ClCompile>
    <ClCompile Include="..\include\Harmony\Threading\TLSEntry.cpp">
      <Filter>Threading</Filter>
    </ClCompile>
    <ClCompile Include="..\include\Harmony\Threading\Utils.cpp">
      <Filter>Threading</Filter>
    </ClCompile>
    <ClCompile Include="..\include\Harmony\Threading\WaitObject.cpp">
      <Filter>Threading</Filter>
    </ClCompile>
    <ClCompile Include="..\include\Harmony\Threading\WaitObjectEx.cpp">
      <Filter>Threading</Filter>
    </ClCompile>
    <ClCompile Include="Renderer\OpenGL\HyOpenGL.cpp">
      <Filter>Renderer\OpenGL</Filter>
    </ClCompile>
    <ClCompile Include="Renderer\OpenGL\HyOpenGLShader.cpp">
      <Filter>Renderer\OpenGL</Filter>
    </ClCompile>
    <ClCompile Include="Renderer\OpenGL\Interop\HyOpenGL_Win.cpp">
      <Filter>Renderer\OpenGL\Interop</Filter>
    </ClCompile>
    <ClCompile Include="IHyApplication.cpp" />
    <ClCompile Include="Time\Watches\IHyTimeInst.cpp">
      <Filter>Time\Watches</Filter>
    </ClCompile>
    <ClCompile Include="Time\Watches\HyTimer.cpp">
      <Filter>Time\Watches</Filter>
    </ClCompile>
    <ClCompile Include="Time\Interop\HyTime_Win.cpp">
      <Filter>Time\Interop</Filter>
    </ClCompile>
    <ClCompile Include="Time\IHyTime.cpp">
      <Filter>Time</Filter>
    </ClCompile>
    <ClCompile Include="Renderer\IHyRenderer.cpp">
      <Filter>Renderer</Filter>
    </ClCompile>
    <ClCompile Include="Input\Interop\HyInput_Gainput.cpp">
      <Filter>Input\Interop</Filter>
    </ClCompile>
    <ClCompile Include="Input\IHyInput.cpp">
      <Filter>Input</Filter>
    </ClCompile>
    <ClCompile Include="Input\Interop\HyInputMap_Gainput.cpp">
      <Filter>Input\Interop</Filter>
    </ClCompile>
    <ClCompile Include="Input\IHyInputMap.cpp">
      <Filter>Input</Filter>
    </ClCompile>
    <ClCompile Include="Scene\HyScene.cpp">
      <Filter>Scene</Filter>
    </ClCompile>
    <ClCompile Include="Utilities\jasonxx.cc">
      <Filter>Utilities</Filter>
    </ClCompile>
    <ClCompile Include="Utilities\stb_image.c">
      <Filter>Utilities</Filter>
    </ClCompile>
    <ClCompile Include="Diagnostics\HyGuiComms.cpp">
      <Filter>Diagnostics</Filter>
    </ClCompile>
    <ClCompile Include="Diagnostics\HyLiveVarManager.cpp">
      <Filter>Diagnostics</Filter>
    </ClCompile>
    <ClCompile Include="Diagnostics\HyGuiMessage.cpp">
      <Filter>Diagnostics</Filter>
    </ClCompile>
    <ClCompile Include="Assets\Data\HyMesh3dData.cpp">
      <Filter>Assets\Data</Filter>
    </ClCompile>
    <ClCompile Include="Assets\Data\HySpine2dData.cpp">
      <Filter>Assets\Data</Filter>
    </ClCompile>
    <ClCompile Include="Assets\Data\HySprite2dData.cpp">
      <Filter>Assets\Data</Filter>
    </ClCompile>
    <ClCompile Include="Assets\Data\HyText2dData.cpp">
      <Filter>Assets\Data</Filter>
    </ClCompile>
    <ClCompile Include="Assets\Data\HyTexturedQuad2dData.cpp">
      <Filter>Assets\Data</Filter>
    </ClCompile>
    <ClCompile Include="Assets\HyAssetManager.cpp">
      <Filter>Assets</Filter>
    </ClCompile>
    <ClCompile Include="Assets\HyTextures.cpp">
      <Filter>Assets</Filter>
    </ClCompile>
    <ClCompile Include="Utilities\HyFileIO.cpp">
      <Filter>Utilities</Filter>
    </ClCompile>
    <ClCompile Include="Utilities\Crc32.cpp">
      <Filter>Utilities</Filter>
    </ClCompile>
    <ClCompile Include="Utilities\HyVariant.cpp">
      <Filter>Utilities</Filter>
    </ClCompile>
    <ClCompile Include="Assets\Data\IHyData.cpp">
      <Filter>Assets\Data</Filter>
    </ClCompile>
    <ClCompile Include="Assets\Data\HyPrimitive2dData.cpp">
      <Filter>Assets\Data</Filter>
    </ClCompile>
    <ClCompile Include="Assets\Data\IHy2dData.cpp">
      <Filter>Assets\Data</Filter>
    </ClCompile>
    <ClCompile Include="Audio\IHyAudio.cpp">
      <Filter>Audio</Filter>
    </ClCompile>
    <ClCompile Include="Audio\Interop\HyAudio_Win.cpp">
      <Filter>Audio\Interop</Filter>
    </ClCompile>
    <ClCompile Include="Assets\Data\HyAudioData.cpp">
      <Filter>Assets\Data</Filter>
    </ClCompile>
    <ClCompile Include="Audio\IHyAudioInst.cpp">
      <Filter>Audio</Filter>
    </ClCompile>
    <ClCompile Include="Audio\Interop\IHyAudioInst_Win.cpp">
      <Filter>Audio\Interop</Filter>
    </ClCompile>
    <ClCompile Include="Scene\Physics\HyBoundingVolume2d.cpp">
      <Filter>Scene\Physics</Filter>
    </ClCompile>
    <ClCompile Include="Scene\Physics\HyBox2dRuntime.cpp">
      <Filter>Scene\Physics</Filter>
    </ClCompile>
    <ClCompile Include="Scene\Physics\HyDebugPhys2d.cpp">
      <Filter>Scene\Physics</Filter>
    </ClCompile>
    <ClCompile Include="Scene\Physics\HyPhysEntity2d.cpp">
      <Filter>Scene\Physics</Filter>
    </ClCompile>
    <ClCompile Include="Scene\Nodes\Draws\HyMesh3d.cpp">
      <Filter>Scene\Nodes\Draws</Filter>
    </ClCompile>
    <ClCompile Include="Scene\Nodes\Draws\HyPrimitive2d.cpp">
      <Filter>Scene\Nodes\Draws</Filter>
    </ClCompile>
    <ClCompile Include="Scene\Nodes\Draws\HySpine2d.cpp">
      <Filter>Scene\Nodes\Draws</Filter>
    </ClCompile>
    <ClCompile Include="Scene\Nodes\Draws\HySprite2d.cpp">
      <Filter>Scene\Nodes\Draws</Filter>
    </ClCompile>
    <ClCompile Include="Scene\Nodes\Draws\HyText2d.cpp">
      <Filter>Scene\Nodes\Draws</Filter>
    </ClCompile>
    <ClCompile Include="Scene\Nodes\Draws\HyTexturedQuad2d.cpp">
      <Filter>Scene\Nodes\Draws</Filter>
    </ClCompile>
    <ClCompile Include="Scene\Nodes\Draws\IHyDraw2d.cpp">
      <Filter>Scene\Nodes\Draws</Filter>
    </ClCompile>
    <ClCompile Include="Scene\Nodes\Misc\HyAudio2d.cpp">
      <Filter>Scene\Nodes\Misc</Filter>
    </ClCompile>
    <ClCompile Include="Scene\Nodes\Misc\HyCamera.cpp">
      <Filter>Scene\Nodes\Misc</Filter>
    </ClCompile>
    <ClCompile Include="Scene\Nodes\Transforms\IHyTransform2d.cpp">
      <Filter>Scene\Nodes\Transforms</Filter>
    </ClCompile>
    <ClCompile Include="Scene\Nodes\Transforms\IHyTransform3d.cpp">
      <Filter>Scene\Nodes\Transforms</Filter>
    </ClCompile>
    <ClCompile Include="Scene\Nodes\Transforms\Tweens\HyTweenFloat.cpp">
      <Filter>Scene\Nodes\Transforms\Tweens</Filter>
    </ClCompile>
    <ClCompile Include="Scene\Nodes\Transforms\Tweens\HyTweenFuncs.cpp">
      <Filter>Scene\Nodes\Transforms\Tweens</Filter>
    </ClCompile>
    <ClCompile Include="Scene\Nodes\Transforms\Tweens\HyTweenVec2.cpp">
      <Filter>Scene\Nodes\Transforms\Tweens</Filter>
    </ClCompile>
    <ClCompile Include="Scene\Nodes\Transforms\Tweens\HyTweenVec3.cpp">
      <Filter>Scene\Nodes\Transforms\Tweens</Filter>
    </ClCompile>
    <ClCompile Include="Scene\Nodes\HyEntity2d.cpp">
      <Filter>Scene\Nodes</Filter>
    </ClCompile>
    <ClCompile Include="Scene\Nodes\IHyNode.cpp">
      <Filter>Scene\Nodes</Filter>
    </ClCompile>
    <ClCompile Include="Renderer\Components\HyGfxComms.cpp">
      <Filter>Renderer\Components</Filter>
    </ClCompile>
    <ClCompile Include="Renderer\Components\HyRenderState.cpp">
      <Filter>Renderer\Components</Filter>
    </ClCompile>
    <ClCompile Include="Renderer\Components\HyWindow.cpp">
      <Filter>Renderer\Components</Filter>
    </ClCompile>
    <ClCompile Include="Renderer\Components\IHyShader.cpp">
      <Filter>Renderer\Components</Filter>
    </ClCompile>
    <ClCompile Include="Diagnostics\HyConsole.cpp">
      <Filter>Diagnostics</Filter>
    </ClCompile>
  </ItemGroup>
  <ItemGroup>
    <Filter Include="Time">
      <UniqueIdentifier>{d2e4112c-544e-4d2c-8d4f-68444c75f167}</UniqueIdentifier>
    </Filter>
    <Filter Include="Renderer">
      <UniqueIdentifier>{55797ac0-494c-4c6f-90c7-641884b21082}</UniqueIdentifier>
    </Filter>
    <Filter Include="Memory">
      <UniqueIdentifier>{63ed057b-9193-4adc-869f-0681e8edf56b}</UniqueIdentifier>
    </Filter>
    <Filter Include="Afx">
      <UniqueIdentifier>{625b30bd-af25-4a04-a1f7-668ca1153071}</UniqueIdentifier>
    </Filter>
    <Filter Include="Afx\Compilers">
      <UniqueIdentifier>{b8967bae-7366-4619-88a5-d501e2e4f1f5}</UniqueIdentifier>
    </Filter>
    <Filter Include="Afx\Platforms">
      <UniqueIdentifier>{6cfd5e75-2b18-4340-a6e5-3f2f1530aa7e}</UniqueIdentifier>
    </Filter>
    <Filter Include="Memory\PageTypes">
      <UniqueIdentifier>{158d1934-0b29-46ec-b547-1d4f16b9fdfb}</UniqueIdentifier>
    </Filter>
    <Filter Include="Memory\Interop">
      <UniqueIdentifier>{a51d0c10-cbaf-4787-82f4-8bb760d8f392}</UniqueIdentifier>
    </Filter>
    <Filter Include="Time\Watches">
      <UniqueIdentifier>{66025e53-50ae-4470-871b-48b025afe0b1}</UniqueIdentifier>
    </Filter>
    <Filter Include="Threading">
      <UniqueIdentifier>{59688164-7112-4eaf-8c36-916756f2726a}</UniqueIdentifier>
    </Filter>
    <Filter Include="Input">
      <UniqueIdentifier>{9adb3b5b-b561-45a5-844e-8419105d02f4}</UniqueIdentifier>
    </Filter>
    <Filter Include="Audio">
      <UniqueIdentifier>{674f9d66-c4d9-4b21-84bf-e4591c4ac684}</UniqueIdentifier>
    </Filter>
    <Filter Include="Time\Interop">
      <UniqueIdentifier>{b2ff0804-0605-43fa-bfbd-c41b8a6dfd92}</UniqueIdentifier>
    </Filter>
    <Filter Include="Utilities">
      <UniqueIdentifier>{6b89711e-e657-4696-9011-e81702fda34f}</UniqueIdentifier>
    </Filter>
    <Filter Include="Utilities\Containers">
      <UniqueIdentifier>{d42e95ee-7da4-4caa-96a2-1cc254022bae}</UniqueIdentifier>
    </Filter>
    <Filter Include="Renderer\OpenGL">
      <UniqueIdentifier>{266ff3c9-2890-44c9-90f1-b987c1598bc6}</UniqueIdentifier>
    </Filter>
    <Filter Include="Renderer\OpenGL\Interop">
      <UniqueIdentifier>{167448ad-d1cc-45b8-a402-87e7ee0e363b}</UniqueIdentifier>
    </Filter>
    <Filter Include="Input\Interop">
      <UniqueIdentifier>{da3e46b7-a390-4cf8-a227-8f59da37b6c8}</UniqueIdentifier>
    </Filter>
    <Filter Include="Scene">
      <UniqueIdentifier>{30a426c0-032d-4dbc-a560-acaad120a43f}</UniqueIdentifier>
    </Filter>
    <Filter Include="Diagnostics">
      <UniqueIdentifier>{f30ad593-855a-4f2f-9687-8e618b4ed676}</UniqueIdentifier>
    </Filter>
    <Filter Include="Assets">
      <UniqueIdentifier>{e2b21351-8df2-464a-9b03-dde1640d06dc}</UniqueIdentifier>
    </Filter>
    <Filter Include="Assets\Data">
      <UniqueIdentifier>{465290dc-5ddc-437f-a8e4-3cbca5a052aa}</UniqueIdentifier>
    </Filter>
    <Filter Include="Audio\Interop">
      <UniqueIdentifier>{2b2f1543-364e-43f7-a861-20cd1f8a1396}</UniqueIdentifier>
    </Filter>
    <Filter Include="Scene\Physics">
      <UniqueIdentifier>{dc431366-9cc4-4c31-84f7-3f7472c20be9}</UniqueIdentifier>
    </Filter>
    <Filter Include="Scene\Nodes">
      <UniqueIdentifier>{ecf26613-bed0-4aae-85a9-369e58d3a1f6}</UniqueIdentifier>
    </Filter>
    <Filter Include="Scene\Nodes\Draws">
      <UniqueIdentifier>{0787f4f4-0285-4c32-a727-556b785e9ba1}</UniqueIdentifier>
    </Filter>
    <Filter Include="Scene\Nodes\Misc">
      <UniqueIdentifier>{854cc37e-626a-4a09-8d26-c3f70744421c}</UniqueIdentifier>
    </Filter>
    <Filter Include="Scene\Nodes\Transforms">
      <UniqueIdentifier>{da8e22d6-0571-4f0a-9a4c-371cdcd0288a}</UniqueIdentifier>
    </Filter>
    <Filter Include="Scene\Nodes\Transforms\Tweens">
      <UniqueIdentifier>{373d9967-c9fc-4fe6-b352-3e2a2a596f32}</UniqueIdentifier>
    </Filter>
    <Filter Include="Renderer\Components">
      <UniqueIdentifier>{f88cc56b-d7e8-4470-828b-8c4b27791e7a}</UniqueIdentifier>
    </Filter>
  </ItemGroup>
  <ItemGroup>
    <ClInclude Include="..\include\Harmony\HyEngine.h" />
    <ClInclude Include="..\include\Harmony\Afx\HyStdAfx.h">
      <Filter>Afx</Filter>
    </ClInclude>
    <ClInclude Include="..\include\Harmony\Afx\Compilers\HyCompiler.h">
      <Filter>Afx\Compilers</Filter>
    </ClInclude>
    <ClInclude Include="..\include\Harmony\Afx\Compilers\HyCompiler_GNU.h">
      <Filter>Afx\Compilers</Filter>
    </ClInclude>
    <ClInclude Include="..\include\Harmony\Afx\Compilers\HyCompiler_MSVC.h">
      <Filter>Afx\Compilers</Filter>
    </ClInclude>
    <ClInclude Include="..\include\Harmony\Afx\Compilers\HyCompiler_MWerks.h">
      <Filter>Afx\Compilers</Filter>
    </ClInclude>
    <ClInclude Include="..\include\Harmony\Afx\Platforms\HyPlatform.h">
      <Filter>Afx\Platforms</Filter>
    </ClInclude>
    <ClInclude Include="..\include\Harmony\Afx\Platforms\HyPlatform_OSX.h">
      <Filter>Afx\Platforms</Filter>
    </ClInclude>
    <ClInclude Include="..\include\Harmony\Afx\Platforms\HyPlatform_Unix.h">
      <Filter>Afx\Platforms</Filter>
    </ClInclude>
    <ClInclude Include="..\include\Harmony\Afx\Platforms\HyPlatform_Windows.h">
      <Filter>Afx\Platforms</Filter>
    </ClInclude>
    <ClInclude Include="..\include\Harmony\Memory\HyMemoryHeap.h">
      <Filter>Memory</Filter>
    </ClInclude>
    <ClInclude Include="..\include\Harmony\Memory\Interop\HyMemAPI_Windows.h">
      <Filter>Memory\Interop</Filter>
    </ClInclude>
    <ClInclude Include="..\include\Harmony\Memory\PageTypes\HyMedHeapPage.h">
      <Filter>Memory\PageTypes</Filter>
    </ClInclude>
    <ClInclude Include="..\include\Harmony\Memory\PageTypes\HySmlHeapPage.h">
      <Filter>Memory\PageTypes</Filter>
    </ClInclude>
    <ClInclude Include="..\include\Harmony\Time\Watches\HyStopwatch.h">
      <Filter>Time\Watches</Filter>
    </ClInclude>
    <ClInclude Include="..\include\Harmony\Utilities\HyBitManip.h">
      <Filter>Utilities</Filter>
    </ClInclude>
    <ClInclude Include="..\include\Harmony\Utilities\HyHardwareInfo.h">
      <Filter>Utilities</Filter>
    </ClInclude>
    <ClInclude Include="..\include\Harmony\Utilities\HyMath.h">
      <Filter>Utilities</Filter>
    </ClInclude>
    <ClInclude Include="..\include\Harmony\Utilities\HyStrManip.h">
      <Filter>Utilities</Filter>
    </ClInclude>
    <ClInclude Include="..\include\Harmony\Utilities\Containers\HyStaticArray.h">
      <Filter>Utilities\Containers</Filter>
    </ClInclude>
    <ClInclude Include="..\include\Harmony\Threading\BaseMacro.h">
      <Filter>Threading</Filter>
    </ClInclude>
    <ClInclude Include="..\include\Harmony\Threading\BasicSync.h">
      <Filter>Threading</Filter>
    </ClInclude>
    <ClInclude Include="..\include\Harmony\Threading\Error.h">
      <Filter>Threading</Filter>
    </ClInclude>
    <ClInclude Include="..\include\Harmony\Threading\InteropUnix.h">
      <Filter>Threading</Filter>
    </ClInclude>
    <ClInclude Include="..\include\Harmony\Threading\InteropWin.h">
      <Filter>Threading</Filter>
    </ClInclude>
    <ClInclude Include="..\include\Harmony\Threading\PlatformInterop.h">
      <Filter>Threading</Filter>
    </ClInclude>
    <ClInclude Include="..\include\Harmony\Threading\PrimitiveTypeDefs.h">
      <Filter>Threading</Filter>
    </ClInclude>
    <ClInclude Include="..\include\Harmony\Threading\stdafx.h">
      <Filter>Threading</Filter>
    </ClInclude>
    <ClInclude Include="..\include\Harmony\Threading\Threading.h">
      <Filter>Threading</Filter>
    </ClInclude>
    <ClInclude Include="..\include\Harmony\Threading\TLSEntry.h">
      <Filter>Threading</Filter>
    </ClInclude>
    <ClInclude Include="..\include\Harmony\Threading\Utils.h">
      <Filter>Threading</Filter>
    </ClInclude>
    <ClInclude Include="..\include\Harmony\Threading\WaitObject.h">
      <Filter>Threading</Filter>
    </ClInclude>
    <ClInclude Include="..\include\Harmony\Threading\WaitObjectEx.h">
      <Filter>Threading</Filter>
    </ClInclude>
    <ClInclude Include="..\include\Harmony\Afx\HyInteropAfx.h">
      <Filter>Afx</Filter>
    </ClInclude>
    <ClInclude Include="..\include\Harmony\Afx\Platforms\HyPlatAfx.h">
      <Filter>Afx\Platforms</Filter>
    </ClInclude>
    <ClInclude Include="..\include\Harmony\Renderer\OpenGL\HyOpenGL.h">
      <Filter>Renderer\OpenGL</Filter>
    </ClInclude>
    <ClInclude Include="..\include\Harmony\Renderer\OpenGL\HyOpenGLShader.h">
      <Filter>Renderer\OpenGL</Filter>
    </ClInclude>
    <ClInclude Include="..\include\Harmony\Renderer\OpenGL\Interop\HyOpenGL_Win.h">
      <Filter>Renderer\OpenGL\Interop</Filter>
    </ClInclude>
    <ClInclude Include="..\include\Harmony\IHyApplication.h" />
    <ClInclude Include="..\include\Harmony\Renderer\OpenGL\HyOpenGLShaderSrc.h">
      <Filter>Renderer\OpenGL</Filter>
    </ClInclude>
    <ClInclude Include="..\include\Harmony\Time\Watches\IHyTimeInst.h">
      <Filter>Time\Watches</Filter>
    </ClInclude>
    <ClInclude Include="..\include\Harmony\Time\Watches\HyTimer.h">
      <Filter>Time\Watches</Filter>
    </ClInclude>
    <ClInclude Include="..\include\Harmony\Time\Interop\HyTime_Win.h">
      <Filter>Time\Interop</Filter>
    </ClInclude>
    <ClInclude Include="..\include\Harmony\Time\IHyTime.h">
      <Filter>Time</Filter>
    </ClInclude>
    <ClInclude Include="..\include\Harmony\Renderer\IHyRenderer.h">
      <Filter>Renderer</Filter>
    </ClInclude>
    <ClInclude Include="..\include\Harmony\Input\Interop\HyInput_Gainput.h">
      <Filter>Input\Interop</Filter>
    </ClInclude>
    <ClInclude Include="..\include\Harmony\Input\IHyInput.h">
      <Filter>Input</Filter>
    </ClInclude>
    <ClInclude Include="..\include\Harmony\Input\IHyInputMap.h">
      <Filter>Input</Filter>
    </ClInclude>
    <ClInclude Include="..\include\Harmony\Input\Interop\HyInputMap_Gainput.h">
      <Filter>Input\Interop</Filter>
    </ClInclude>
    <ClInclude Include="..\include\Harmony\Scene\HyScene.h">
      <Filter>Scene</Filter>
    </ClInclude>
    <ClInclude Include="..\include\Harmony\Utilities\stb_image.h">
      <Filter>Utilities</Filter>
    </ClInclude>
    <ClInclude Include="..\include\Harmony\Utilities\jsonxx.h">
      <Filter>Utilities</Filter>
    </ClInclude>
    <ClInclude Include="..\include\Harmony\Diagnostics\HyGuiComms.h">
      <Filter>Diagnostics</Filter>
    </ClInclude>
    <ClInclude Include="..\include\Harmony\Diagnostics\HyLiveVarManager.h">
      <Filter>Diagnostics</Filter>
    </ClInclude>
    <ClInclude Include="..\include\Harmony\Diagnostics\HyGuiMessage.h">
      <Filter>Diagnostics</Filter>
    </ClInclude>
    <ClInclude Include="..\include\Harmony\Assets\Data\HyMesh3dData.h">
      <Filter>Assets\Data</Filter>
    </ClInclude>
    <ClInclude Include="..\include\Harmony\Assets\Data\HySpine2dData.h">
      <Filter>Assets\Data</Filter>
    </ClInclude>
    <ClInclude Include="..\include\Harmony\Assets\Data\HySprite2dData.h">
      <Filter>Assets\Data</Filter>
    </ClInclude>
    <ClInclude Include="..\include\Harmony\Assets\Data\HyText2dData.h">
      <Filter>Assets\Data</Filter>
    </ClInclude>
    <ClInclude Include="..\include\Harmony\Assets\Data\HyTexturedQuad2dData.h">
      <Filter>Assets\Data</Filter>
    </ClInclude>
    <ClInclude Include="..\include\Harmony\Assets\Data\IHyData.h">
      <Filter>Assets\Data</Filter>
    </ClInclude>
    <ClInclude Include="..\include\Harmony\Assets\HyAssetManager.h">
      <Filter>Assets</Filter>
    </ClInclude>
    <ClInclude Include="..\include\Harmony\Assets\HyFactory.h">
      <Filter>Assets</Filter>
    </ClInclude>
    <ClInclude Include="..\include\Harmony\Assets\HyTextures.h">
      <Filter>Assets</Filter>
    </ClInclude>
    <ClInclude Include="..\include\Harmony\Utilities\HyFileIO.h">
      <Filter>Utilities</Filter>
    </ClInclude>
    <ClInclude Include="..\include\Harmony\Utilities\HyVariant.h">
      <Filter>Utilities</Filter>
    </ClInclude>
    <ClInclude Include="..\include\Harmony\Utilities\Crc32.h">
      <Filter>Utilities</Filter>
    </ClInclude>
    <ClInclude Include="..\include\Harmony\Assets\Data\HyPrimitive2dData.h">
      <Filter>Assets\Data</Filter>
    </ClInclude>
    <ClInclude Include="..\include\Harmony\Assets\Data\IHy2dData.h">
      <Filter>Assets\Data</Filter>
    </ClInclude>
    <ClInclude Include="..\include\Harmony\Input\Interop\HyInput_NULL.h">
      <Filter>Input\Interop</Filter>
    </ClInclude>
    <ClInclude Include="..\include\Harmony\Audio\IHyAudio.h">
      <Filter>Audio</Filter>
    </ClInclude>
    <ClInclude Include="..\include\Harmony\Audio\Interop\HyAudio_Win.h">
      <Filter>Audio\Interop</Filter>
    </ClInclude>
    <ClInclude Include="..\include\Harmony\Assets\Data\HyAudioData.h">
      <Filter>Assets\Data</Filter>
    </ClInclude>
    <ClInclude Include="..\include\Harmony\Audio\IHyAudioInst.h">
      <Filter>Audio</Filter>
    </ClInclude>
    <ClInclude Include="..\include\Harmony\Audio\Interop\IHyAudioInst_Win.h">
      <Filter>Audio\Interop</Filter>
    </ClInclude>
    <ClInclude Include="..\include\Harmony\Scene\Physics\HyBoundingVolume2d.h">
      <Filter>Scene\Physics</Filter>
    </ClInclude>
    <ClInclude Include="..\include\Harmony\Scene\Physics\HyBox2dRuntime.h">
      <Filter>Scene\Physics</Filter>
    </ClInclude>
    <ClInclude Include="..\include\Harmony\Scene\Physics\HyDebugPhys2d.h">
      <Filter>Scene\Physics</Filter>
    </ClInclude>
    <ClInclude Include="..\include\Harmony\Scene\Physics\HyPhysEntity2d.h">
      <Filter>Scene\Physics</Filter>
    </ClInclude>
    <ClInclude Include="..\include\Harmony\Scene\Nodes\HyEntity2d.h">
      <Filter>Scene\Nodes</Filter>
    </ClInclude>
    <ClInclude Include="..\include\Harmony\Scene\Nodes\IHyNode.h">
      <Filter>Scene\Nodes</Filter>
    </ClInclude>
    <ClInclude Include="..\include\Harmony\Scene\Nodes\Transforms\IHyTransform.h">
      <Filter>Scene\Nodes\Transforms</Filter>
    </ClInclude>
    <ClInclude Include="..\include\Harmony\Scene\Nodes\Transforms\IHyTransform2d.h">
      <Filter>Scene\Nodes\Transforms</Filter>
    </ClInclude>
    <ClInclude Include="..\include\Harmony\Scene\Nodes\Transforms\IHyTransform3d.h">
      <Filter>Scene\Nodes\Transforms</Filter>
    </ClInclude>
    <ClInclude Include="..\include\Harmony\Scene\Nodes\Transforms\Tweens\HyTweenFloat.h">
      <Filter>Scene\Nodes\Transforms\Tweens</Filter>
    </ClInclude>
    <ClInclude Include="..\include\Harmony\Scene\Nodes\Transforms\Tweens\HyTweenFuncs.h">
      <Filter>Scene\Nodes\Transforms\Tweens</Filter>
    </ClInclude>
    <ClInclude Include="..\include\Harmony\Scene\Nodes\Transforms\Tweens\HyTweenVec2.h">
      <Filter>Scene\Nodes\Transforms\Tweens</Filter>
    </ClInclude>
    <ClInclude Include="..\include\Harmony\Scene\Nodes\Transforms\Tweens\HyTweenVec3.h">
      <Filter>Scene\Nodes\Transforms\Tweens</Filter>
    </ClInclude>
    <ClInclude Include="..\include\Harmony\Scene\Nodes\Misc\HyAudio2d.h">
      <Filter>Scene\Nodes\Misc</Filter>
    </ClInclude>
    <ClInclude Include="..\include\Harmony\Scene\Nodes\Misc\HyCamera.h">
      <Filter>Scene\Nodes\Misc</Filter>
    </ClInclude>
    <ClInclude Include="..\include\Harmony\Scene\Nodes\Draws\HyMesh3d.h">
      <Filter>Scene\Nodes\Draws</Filter>
    </ClInclude>
    <ClInclude Include="..\include\Harmony\Scene\Nodes\Draws\HyPrimitive2d.h">
      <Filter>Scene\Nodes\Draws</Filter>
    </ClInclude>
    <ClInclude Include="..\include\Harmony\Scene\Nodes\Draws\HySpine2d.h">
      <Filter>Scene\Nodes\Draws</Filter>
    </ClInclude>
    <ClInclude Include="..\include\Harmony\Scene\Nodes\Draws\HySprite2d.h">
      <Filter>Scene\Nodes\Draws</Filter>
    </ClInclude>
    <ClInclude Include="..\include\Harmony\Scene\Nodes\Draws\HyText2d.h">
      <Filter>Scene\Nodes\Draws</Filter>
    </ClInclude>
    <ClInclude Include="..\include\Harmony\Scene\Nodes\Draws\HyTexturedQuad2d.h">
      <Filter>Scene\Nodes\Draws</Filter>
    </ClInclude>
    <ClInclude Include="..\include\Harmony\Scene\Nodes\Draws\IHyDraw2d.h">
      <Filter>Scene\Nodes\Draws</Filter>
    </ClInclude>
    <ClInclude Include="..\include\Harmony\Renderer\Components\HyGfxComms.h">
      <Filter>Renderer\Components</Filter>
    </ClInclude>
    <ClInclude Include="..\include\Harmony\Renderer\Components\HyRenderState.h">
      <Filter>Renderer\Components</Filter>
    </ClInclude>
    <ClInclude Include="..\include\Harmony\Renderer\Components\HyWindow.h">
      <Filter>Renderer\Components</Filter>
    </ClInclude>
    <ClInclude Include="..\include\Harmony\Renderer\Components\IHyShader.h">
      <Filter>Renderer\Components</Filter>
    </ClInclude>
    <ClInclude Include="..\include\Harmony\Diagnostics\HyConsole.h">
      <Filter>Diagnostics</Filter>
    </ClInclude>
  </ItemGroup>
</Project>