
Microsoft Visual Studio Solution File, Format Version 12.00
# Visual Studio 14
VisualStudioVersion = 14.0.25420.1
MinimumVisualStudioVersion = 10.0.40219.1
Project("{8BC9CEB8-8B4A-11D0-8D11-00A0C91BC942}") = "Harmony", "..\..\..\Harmony\Harmony_vs2015.vcxproj", "{B4471160-742A-4571-BCC5-3EF8163C10E1}"
EndProject
Project("{8BC9CEB8-8B4A-11D0-8D11-00A0C91BC942}") = "NewGame_vs2015", "NewGame_vs2015.vcxproj", "{0DE9336C-FA2B-45A7-B836-F51992D2F394}"
EndProject
Global
	GlobalSection(SolutionConfigurationPlatforms) = preSolution
		Debug|x64 = Debug|x64
		Debug|x86 = Debug|x86
		GuiDebug|x64 = GuiDebug|x64
		GuiDebug|x86 = GuiDebug|x86
		GuiRelease|x64 = GuiRelease|x64
		GuiRelease|x86 = GuiRelease|x86
		Release|x64 = Release|x64
		Release|x86 = Release|x86
	EndGlobalSection
	GlobalSection(ProjectConfigurationPlatforms) = postSolution
		{B4471160-742A-4571-BCC5-3EF8163C10E1}.Debug|x64.ActiveCfg = Debug|x64
		{B4471160-742A-4571-BCC5-3EF8163C10E1}.Debug|x64.Build.0 = Debug|x64
		{B4471160-742A-4571-BCC5-3EF8163C10E1}.Debug|x86.ActiveCfg = Debug|Win32
		{B4471160-742A-4571-BCC5-3EF8163C10E1}.Debug|x86.Build.0 = Debug|Win32
		{B4471160-742A-4571-BCC5-3EF8163C10E1}.GuiDebug|x64.ActiveCfg = GuiDebug|x64
		{B4471160-742A-4571-BCC5-3EF8163C10E1}.GuiDebug|x64.Build.0 = GuiDebug|x64
		{B4471160-742A-4571-BCC5-3EF8163C10E1}.GuiDebug|x86.ActiveCfg = GuiDebug|Win32
		{B4471160-742A-4571-BCC5-3EF8163C10E1}.GuiDebug|x86.Build.0 = GuiDebug|Win32
		{B4471160-742A-4571-BCC5-3EF8163C10E1}.GuiRelease|x64.ActiveCfg = GuiRelease|x64
		{B4471160-742A-4571-BCC5-3EF8163C10E1}.GuiRelease|x64.Build.0 = GuiRelease|x64
		{B4471160-742A-4571-BCC5-3EF8163C10E1}.GuiRelease|x86.ActiveCfg = GuiRelease|Win32
		{B4471160-742A-4571-BCC5-3EF8163C10E1}.GuiRelease|x86.Build.0 = GuiRelease|Win32
		{B4471160-742A-4571-BCC5-3EF8163C10E1}.Release|x64.ActiveCfg = Release|x64
		{B4471160-742A-4571-BCC5-3EF8163C10E1}.Release|x64.Build.0 = Release|x64
		{B4471160-742A-4571-BCC5-3EF8163C10E1}.Release|x86.ActiveCfg = Release|Win32
		{B4471160-742A-4571-BCC5-3EF8163C10E1}.Release|x86.Build.0 = Release|Win32
		{0DE9336C-FA2B-45A7-B836-F51992D2F394}.Debug|x64.ActiveCfg = Debug|x64
		{0DE9336C-FA2B-45A7-B836-F51992D2F394}.Debug|x64.Build.0 = Debug|x64
		{0DE9336C-FA2B-45A7-B836-F51992D2F394}.Debug|x86.ActiveCfg = Debug|Win32
		{0DE9336C-FA2B-45A7-B836-F51992D2F394}.Debug|x86.Build.0 = Debug|Win32
		{0DE9336C-FA2B-45A7-B836-F51992D2F394}.GuiDebug|x64.ActiveCfg = Debug|x64
		{0DE9336C-FA2B-45A7-B836-F51992D2F394}.GuiDebug|x64.Build.0 = Debug|x64
		{0DE9336C-FA2B-45A7-B836-F51992D2F394}.GuiDebug|x86.ActiveCfg = Debug|Win32
		{0DE9336C-FA2B-45A7-B836-F51992D2F394}.GuiDebug|x86.Build.0 = Debug|Win32
		{0DE9336C-FA2B-45A7-B836-F51992D2F394}.GuiRelease|x64.ActiveCfg = Release|x64
		{0DE9336C-FA2B-45A7-B836-F51992D2F394}.GuiRelease|x64.Build.0 = Release|x64
		{0DE9336C-FA2B-45A7-B836-F51992D2F394}.GuiRelease|x86.ActiveCfg = Release|Win32
		{0DE9336C-FA2B-45A7-B836-F51992D2F394}.GuiRelease|x86.Build.0 = Release|Win32
		{0DE9336C-FA2B-45A7-B836-F51992D2F394}.Release|x64.ActiveCfg = Release|x64
		{0DE9336C-FA2B-45A7-B836-F51992D2F394}.Release|x64.Build.0 = Release|x64
		{0DE9336C-FA2B-45A7-B836-F51992D2F394}.Release|x86.ActiveCfg = Release|Win32
		{0DE9336C-FA2B-45A7-B836-F51992D2F394}.Release|x86.Build.0 = Release|Win32
	EndGlobalSection
	GlobalSection(SolutionProperties) = preSolution
		HideSolutionNode = FALSE
	EndGlobalSection
EndGlobal
